
Microsoft Visual Studio Solution File, Format Version 12.00
# Visual Studio Version 17
VisualStudioVersion = 17.6.33829.357
MinimumVisualStudioVersion = 10.0.40219.1
Project("{FAE04EC0-301F-11D3-BF4B-00C04F79EFBC}") = "Hotel Management 0.2", "Hotel Management 0.2\Hotel Management 0.2.csproj", "{580C4948-608A-4988-A82E-84F207DA57D7}"
EndProject
Global
	GlobalSection(SolutionConfigurationPlatforms) = preSolution
		Debug|Any CPU = Debug|Any CPU
		Release|Any CPU = Release|Any CPU
	EndGlobalSection
	GlobalSection(ProjectConfigurationPlatforms) = postSolution
		{580C4948-608A-4988-A82E-84F207DA57D7}.Debug|Any CPU.ActiveCfg = Debug|Any CPU
		{580C4948-608A-4988-A82E-84F207DA57D7}.Debug|Any CPU.Build.0 = Debug|Any CPU
		{580C4948-608A-4988-A82E-84F207DA57D7}.Release|Any CPU.ActiveCfg = Release|Any CPU
		{580C4948-608A-4988-A82E-84F207DA57D7}.Release|Any CPU.Build.0 = Release|Any CPU
	EndGlobalSection
	GlobalSection(SolutionProperties) = preSolution
		HideSolutionNode = FALSE
	EndGlobalSection
	GlobalSection(ExtensibilityGlobals) = postSolution
		SolutionGuid = {651BEF70-BDAA-4359-9E32-CE4C022FF24C}
	EndGlobalSection
EndGlobal
